# THIS IS AN AUTOGENERATED FILE. DO NOT EDIT THIS FILE DIRECTLY.
# yarn lockfile v1


autoprefixer@^10.4.16:
  version "10.4.16"
  resolved "https://registry.yarnpkg.com/autoprefixer/-/autoprefixer-10.4.16.tgz#fad1411024d8670880bdece3970aa72e3572feb8"
  integrity sha512-7vd3UC6xKp0HLfua5IjZlcXvGAGy7cBAXTg2lyQ/8WpNhd6SiZ8Be+xm3FyBSYJx5GKcpRCzBh7RH4/0dnY+uQ==
  dependencies:
    browserslist "^4.21.10"
    caniuse-lite "^1.0.30001538"
    fraction.js "^4.3.6"
    normalize-range "^0.1.2"
    picocolors "^1.0.0"
    postcss-value-parser "^4.2.0"

browserslist@^4.21.10:
  version "4.22.2"
  resolved "https://registry.yarnpkg.com/browserslist/-/browserslist-4.22.2.tgz#704c4943072bd81ea18997f3bd2180e89c77874b"
  integrity sha512-0UgcrvQmBDvZHFGdYUehrCNIazki7/lUP3kkoi/r3YB2amZbFM9J43ZRkJTXBUZK4gmx56+Sqk9+Vs9mwZx9+A==
  dependencies:
    caniuse-lite "^1.0.30001565"
    electron-to-chromium "^1.4.601"
    node-releases "^2.0.14"
    update-browserslist-db "^1.0.13"

camelcase-css@^2.0.1:
  version "2.0.1"
  resolved "https://registry.yarnpkg.com/camelcase-css/-/camelcase-css-2.0.1.tgz#ee978f6947914cc30c6b44741b6ed1df7f043fd5"
  integrity sha512-QOSvevhslijgYwRx6Rv7zKdMF8lbRmx+uQGx2+vDc+KI/eBnsy9kit5aj23AgGu3pa4t9AgwbnXWqS+iOY+2aA==

caniuse-lite@^1.0.30001538, caniuse-lite@^1.0.30001565:
  version "1.0.30001576"
  resolved "https://registry.yarnpkg.com/caniuse-lite/-/caniuse-lite-1.0.30001576.tgz#893be772cf8ee6056d6c1e2d07df365b9ec0a5c4"
  integrity sha512-ff5BdakGe2P3SQsMsiqmt1Lc8221NR1VzHj5jXN5vBny9A6fpze94HiVV/n7XRosOlsShJcvMv5mdnpjOGCEgg==

css-selector-tokenizer@^0.8:
  version "0.8.0"
  resolved "https://registry.yarnpkg.com/css-selector-tokenizer/-/css-selector-tokenizer-0.8.0.tgz#88267ef6238e64f2215ea2764b3e2cf498b845dd"
  integrity sha512-Jd6Ig3/pe62/qe5SBPTN8h8LeUg/pT4lLgtavPf7updwwHpvFzxvOQBHYj2LZDMjUnBzgvIUSjRcf6oT5HzHFg==
  dependencies:
    cssesc "^3.0.0"
    fastparse "^1.1.2"

cssesc@^3.0.0:
  version "3.0.0"
  resolved "https://registry.yarnpkg.com/cssesc/-/cssesc-3.0.0.tgz#37741919903b868565e1c09ea747445cd18983ee"
  integrity sha512-/Tb/JcjK111nNScGob5MNtsntNM1aCNUDipB/TkwZFhyDrrE47SOx/18wF2bbjgc3ZzCSKW1T5nt5EbFoAz/Vg==

culori@^3:
  version "3.3.0"
  resolved "https://registry.yarnpkg.com/culori/-/culori-3.3.0.tgz#e33530adbd124d53bd6550394397e695eaaed739"
  integrity sha512-pHJg+jbuFsCjz9iclQBqyL3B2HLCBF71BwVNujUYEvCeQMvV97R59MNK3R2+jgJ3a1fcZgI9B3vYgz8lzr/BFQ==

daisyui@^4.6.0:
  version "4.6.0"
  resolved "https://registry.yarnpkg.com/daisyui/-/daisyui-4.6.0.tgz#3b2d34ba2995633530b510ebaf9fbc6ed03374c1"
  integrity sha512-B5ZB/sczXpp4LMdo/SZrtYY/U2hq+Vr9I15QawuWZ0VwgtSAbuZpAZUftKVryEsPuv3BM0yVlBED0nAmtis/dw==
  dependencies:
    css-selector-tokenizer "^0.8"
    culori "^3"
    picocolors "^1"
    postcss-js "^4"

debounce@^2.0.0:
  version "2.0.0"
  resolved "https://registry.yarnpkg.com/debounce/-/debounce-2.0.0.tgz#b2f914518a1481466f4edaee0b063e4d473ad549"
  integrity sha512-xRetU6gL1VJbs85Mc4FoEGSjQxzpdxRyFhe3lmWFyy2EzydIcD4xzUvRJMD+NPDfMwKNhxa3PvsIOU32luIWeA==

electron-to-chromium@^1.4.601:
  version "1.4.629"
  resolved "https://registry.yarnpkg.com/electron-to-chromium/-/electron-to-chromium-1.4.629.tgz#9cbffe1b08a5627b6a25118360f7fd3965416caf"
  integrity sha512-5UUkr3k3CZ/k+9Sw7vaaIMyOzMC0XbPyprKI3n0tbKDqkzTDOjK4izm7DxlkueRMim6ZZQ1ja9F7hoFVplHihA==

escalade@^3.1.1:
  version "3.1.1"
  resolved "https://registry.yarnpkg.com/escalade/-/escalade-3.1.1.tgz#d8cfdc7000965c5a0174b4a82eaa5c0552742e40"
  integrity sha512-k0er2gUkLf8O0zKJiAhmkTnJlTvINGv7ygDNPbeIsX/TJjGJZHuh9B2UxbsaEkmlEo9MfhrSzmhIlhRlI2GXnw==

fastparse@^1.1.2:
  version "1.1.2"
  resolved "https://registry.yarnpkg.com/fastparse/-/fastparse-1.1.2.tgz#91728c5a5942eced8531283c79441ee4122c35a9"
  integrity sha512-483XLLxTVIwWK3QTrMGRqUfUpoOs/0hbQrl2oz4J0pAcm3A3bu84wxTFqGqkJzewCLdME38xJLJAxBABfQT8sQ==

fraction.js@^4.3.6:
  version "4.3.7"
  resolved "https://registry.yarnpkg.com/fraction.js/-/fraction.js-4.3.7.tgz#06ca0085157e42fda7f9e726e79fefc4068840f7"
  integrity sha512-ZsDfxO51wGAXREY55a7la9LScWpwv9RxIrYABrlvOFBlH/ShPnrtsXeuUIfXKKOVicNxQ+o8JTbJvjS4M89yew==

nanoid@^3.3.7:
  version "3.3.7"
  resolved "https://registry.yarnpkg.com/nanoid/-/nanoid-3.3.7.tgz#d0c301a691bc8d54efa0a2226ccf3fe2fd656bd8"
  integrity sha512-eSRppjcPIatRIMC1U6UngP8XFcz8MQWGQdt1MTBQ7NaAmvXDfvNxbvWV3x2y6CdEUciCSsDHDQZbhYaB8QEo2g==

node-releases@^2.0.14:
  version "2.0.14"
  resolved "https://registry.yarnpkg.com/node-releases/-/node-releases-2.0.14.tgz#2ffb053bceb8b2be8495ece1ab6ce600c4461b0b"
  integrity sha512-y10wOWt8yZpqXmOgRo77WaHEmhYQYGNA6y421PKsKYWEK8aW+cqAphborZDhqfyKrbZEN92CN1X2KbafY2s7Yw==

normalize-range@^0.1.2:
  version "0.1.2"
  resolved "https://registry.yarnpkg.com/normalize-range/-/normalize-range-0.1.2.tgz#2d10c06bdfd312ea9777695a4d28439456b75942"
  integrity sha512-bdok/XvKII3nUpklnV6P2hxtMNrCboOjAcyBuQnWEhO665FwrSNRxU+AqpsyvO6LgGYPspN+lu5CLtw4jPRKNA==

picocolors@^1, picocolors@^1.0.0:
  version "1.0.0"
  resolved "https://registry.yarnpkg.com/picocolors/-/picocolors-1.0.0.tgz#cb5bdc74ff3f51892236eaf79d68bc44564ab81c"
  integrity sha512-1fygroTLlHu66zi26VoTDv8yRgm0Fccecssto+MhsZ0D/DGW2sm8E8AjW7NU5VVTRt5GxbeZ5qBuJr+HyLYkjQ==

postcss-js@^4:
  version "4.0.1"
  resolved "https://registry.yarnpkg.com/postcss-js/-/postcss-js-4.0.1.tgz#61598186f3703bab052f1c4f7d805f3991bee9d2"
  integrity sha512-dDLF8pEO191hJMtlHFPRa8xsizHaM82MLfNkUHdUtVEV3tgTp5oj+8qbEqYM57SLfc74KSbw//4SeJma2LRVIw==
  dependencies:
    camelcase-css "^2.0.1"

postcss-value-parser@^4.2.0:
  version "4.2.0"
  resolved "https://registry.yarnpkg.com/postcss-value-parser/-/postcss-value-parser-4.2.0.tgz#723c09920836ba6d3e5af019f92bc0971c02e514"
  integrity sha512-1NNCs6uurfkVbeXG4S8JFT9t19m45ICnif8zWLd5oPSZ50QnwMfK+H3jv408d4jw/7Bttv5axS5IiHoLaVNHeQ==

postcss@^8.4.33:
  version "8.4.33"
  resolved "https://registry.yarnpkg.com/postcss/-/postcss-8.4.33.tgz#1378e859c9f69bf6f638b990a0212f43e2aaa742"
  integrity sha512-Kkpbhhdjw2qQs2O2DGX+8m5OVqEcbB9HRBvuYM9pgrjEFUg30A9LmXNlTAUj4S9kgtGyrMbTzVjH7E+s5Re2yg==
  dependencies:
    nanoid "^3.3.7"
    picocolors "^1.0.0"
    source-map-js "^1.0.2"

source-map-js@^1.0.2:
  version "1.0.2"
  resolved "https://registry.yarnpkg.com/source-map-js/-/source-map-js-1.0.2.tgz#adbc361d9c62df380125e7f161f71c826f1e490c"
  integrity sha512-R0XvVJ9WusLiqTCEiGCmICCMplcCkIwwR11mOSD9CR5u+IXYdiseeEuXCVAjS54zqwkLcPNnmU4OeJ6tUrWhDw==

update-browserslist-db@^1.0.13:
  version "1.0.13"
  resolved "https://registry.yarnpkg.com/update-browserslist-db/-/update-browserslist-db-1.0.13.tgz#3c5e4f5c083661bd38ef64b6328c26ed6c8248c4"
  integrity sha512-xebP81SNcPuNpPP3uzeW1NYXxI3rxyJzF3pD6sH4jE7o/IX+WtSpwnVU+qIsDPyk0d3hmFQ7mjqc6AtV604hbg==
  dependencies:
    escalade "^3.1.1"
    picocolors "^1.0.0"
